// !$*UTF8*$!
{
	archiveVersion = 1;
	classes = {
	};
	objectVersion = 46;
	objects = {

/* Begin PBXBuildFile section */
		FEE0E0501D24968F00701F9F /* AppDelegate.swift in Sources */ = {isa = PBXBuildFile; fileRef = FEE0E04F1D24968F00701F9F /* AppDelegate.swift */; };
		FEE0E0521D24968F00701F9F /* ViewController.swift in Sources */ = {isa = PBXBuildFile; fileRef = FEE0E0511D24968F00701F9F /* ViewController.swift */; };
		FEE0E0551D24968F00701F9F /* Main.storyboard in Resources */ = {isa = PBXBuildFile; fileRef = FEE0E0531D24968F00701F9F /* Main.storyboard */; };
		FEE0E0571D24968F00701F9F /* Assets.xcassets in Resources */ = {isa = PBXBuildFile; fileRef = FEE0E0561D24968F00701F9F /* Assets.xcassets */; };
		FEE0E05A1D24968F00701F9F /* LaunchScreen.storyboard in Resources */ = {isa = PBXBuildFile; fileRef = FEE0E0581D24968F00701F9F /* LaunchScreen.storyboard */; };
/* End PBXBuildFile section */

/* Begin PBXFileReference section */
		FEE0E04C1D24968F00701F9F /* BandMap.app */ = {isa = PBXFileReference; explicitFileType = wrapper.application; includeInIndex = 0; path = BandMap.app; sourceTree = BUILT_PRODUCTS_DIR; };
		FEE0E04F1D24968F00701F9F /* AppDelegate.swift */ = {isa = PBXFileReference; lastKnownFileType = sourcecode.swift; path = AppDelegate.swift; sourceTree = "<group>"; };
		FEE0E0511D24968F00701F9F /* ViewController.swift */ = {isa = PBXFileReference; lastKnownFileType = sourcecode.swift; path = ViewController.swift; sourceTree = "<group>"; };
		FEE0E0541D24968F00701F9F /* Base */ = {isa = PBXFileReference; lastKnownFileType = file.storyboard; name = Base; path = Base.lproj/Main.storyboard; sourceTree = "<group>"; };
		FEE0E0561D24968F00701F9F /* Assets.xcassets */ = {isa = PBXFileReference; lastKnownFileType = folder.assetcatalog; path = Assets.xcassets; sourceTree = "<group>"; };
		FEE0E0591D24968F00701F9F /* Base */ = {isa = PBXFileReference; lastKnownFileType = file.storyboard; name = Base; path = Base.lproj/LaunchScreen.storyboard; sourceTree = "<group>"; };
		FEE0E05B1D24968F00701F9F /* Info.plist */ = {isa = PBXFileReference; lastKnownFileType = text.plist.xml; path = Info.plist; sourceTree = "<group>"; };
/* End PBXFileReference section */

/* Begin PBXFrameworksBuildPhase section */
		FEE0E0491D24968F00701F9F /* Frameworks */ = {
			isa = PBXFrameworksBuildPhase;
			buildActionMask = 2147483647;
			files = (
			);
			runOnlyForDeploymentPostprocessing = 0;
		};
/* End PBXFrameworksBuildPhase section */

/* Begin PBXGroup section */
		FEE0E0431D24968F00701F9F = {
			isa = PBXGroup;
			children = (
				FEE0E04E1D24968F00701F9F /* BandMap */,
				FEE0E04D1D24968F00701F9F /* Products */,
			);
			sourceTree = "<group>";
		};
		FEE0E04D1D24968F00701F9F /* Products */ = {
			isa = PBXGroup;
			children = (
				FEE0E04C1D24968F00701F9F /* BandMap.app */,
			);
			name = Products;
			sourceTree = "<group>";
		};
		FEE0E04E1D24968F00701F9F /* BandMap */ = {
			isa = PBXGroup;
			children = (
				FEE0E04F1D24968F00701F9F /* AppDelegate.swift */,
				FEE0E0511D24968F00701F9F /* ViewController.swift */,
				FEE0E0531D24968F00701F9F /* Main.storyboard */,
				FEE0E0561D24968F00701F9F /* Assets.xcassets */,
				FEE0E0581D24968F00701F9F /* LaunchScreen.storyboard */,
				FEE0E05B1D24968F00701F9F /* Info.plist */,
			);
			path = BandMap;
			sourceTree = "<group>";
		};
/* End PBXGroup section */

/* Begin PBXNativeTarget section */
		FEE0E04B1D24968F00701F9F /* BandMap */ = {
			isa = PBXNativeTarget;
			buildConfigurationList = FEE0E05E1D24968F00701F9F /* Build configuration list for PBXNativeTarget "BandMap" */;
			buildPhases = (
				FEE0E0481D24968F00701F9F /* Sources */,
				FEE0E0491D24968F00701F9F /* Frameworks */,
				FEE0E04A1D24968F00701F9F /* Resources */,
			);
			buildRules = (
			);
			dependencies = (
			);
			name = BandMap;
			productName = BandMap;
			productReference = FEE0E04C1D24968F00701F9F /* BandMap.app */;
			productType = "com.apple.product-type.application";
		};
/* End PBXNativeTarget section */

/* Begin PBXProject section */
		FEE0E0441D24968F00701F9F /* Project object */ = {
			isa = PBXProject;
			attributes = {
				LastSwiftUpdateCheck = 0730;
				LastUpgradeCheck = 0730;
				ORGANIZATIONNAME = "Jaden Nation";
				TargetAttributes = {
					FEE0E04B1D24968F00701F9F = {
						CreatedOnToolsVersion = 7.3.1;
					};
				};
			};
			buildConfigurationList = FEE0E0471D24968F00701F9F /* Build configuration list for PBXProject "BandMap" */;
			compatibilityVersion = "Xcode 3.2";
			developmentRegion = English;
			hasScannedForEncodings = 0;
			knownRegions = (
				en,
				Base,
			);
			mainGroup = FEE0E0431D24968F00701F9F;
			productRefGroup = FEE0E04D1D24968F00701F9F /* Products */;
			projectDirPath = "";
			projectRoot = "";
			targets = (
				FEE0E04B1D24968F00701F9F /* BandMap */,
			);
		};
/* End PBXProject section */

/* Begin PBXResourcesBuildPhase section */
		FEE0E04A1D24968F00701F9F /* Resources */ = {
			isa = PBXResourcesBuildPhase;
			buildActionMask = 2147483647;
			files = (
				FEE0E05A1D24968F00701F9F /* LaunchScreen.storyboard in Resources */,
				FEE0E0571D24968F00701F9F /* Assets.xcassets in Resources */,
				FEE0E0551D24968F00701F9F /* Main.storyboard in Resources */,
			);
			runOnlyForDeploymentPostprocessing = 0;
		};
/* End PBXResourcesBuildPhase section */

/* Begin PBXSourcesBuildPhase section */
		FEE0E0481D24968F00701F9F /* Sources */ = {
			isa = PBXSourcesBuildPhase;
			buildActionMask = 2147483647;
			files = (
				FEE0E0521D24968F00701F9F /* ViewController.swift in Sources */,
				FEE0E0501D24968F00701F9F /* AppDelegate.swift in Sources */,
			);
			runOnlyForDeploymentPostprocessing = 0;
		};
/* End PBXSourcesBuildPhase section */

/* Begin PBXVariantGroup section */
		FEE0E0531D24968F00701F9F /* Main.storyboard */ = {
			isa = PBXVariantGroup;
			children = (
				FEE0E0541D24968F00701F9F /* Base */,
			);
			name = Main.storyboard;
			sourceTree = "<group>";
		};
		FEE0E0581D24968F00701F9F /* LaunchScreen.storyboard */ = {
			isa = PBXVariantGroup;
			children = (
				FEE0E0591D24968F00701F9F /* Base */,
			);
			name = LaunchScreen.storyboard;
			sourceTree = "<group>";
		};
/* End PBXVariantGroup section */

/* Begin XCBuildConfiguration section */
		FEE0E05C1D24968F00701F9F /* Debug */ = {
			isa = XCBuildConfiguration;
			buildSettings = {
				ALWAYS_SEARCH_USER_PATHS = NO;
				CLANG_ANALYZER_NONNULL = YES;
				CLANG_CXX_LANGUAGE_STANDARD = "gnu++0x";
				CLANG_CXX_LIBRARY = "libc++";
				CLANG_ENABLE_MODULES = YES;
				CLANG_ENABLE_OBJC_ARC = YES;
				CLANG_WARN_BOOL_CONVERSION = YES;
				CLANG_WARN_CONSTANT_CONVERSION = YES;
				CLANG_WARN_DIRECT_OBJC_ISA_USAGE = YES_ERROR;
				CLANG_WARN_EMPTY_BODY = YES;
				CLANG_WARN_ENUM_CONVERSION = YES;
				CLANG_WARN_INT_CONVERSION = YES;
				CLANG_WARN_OBJC_ROOT_CLASS = YES_ERROR;
				CLANG_WARN_UNREACHABLE_CODE = YES;
				CLANG_WARN__DUPLICATE_METHOD_MATCH = YES;
				"CODE_SIGN_IDENTITY[sdk=iphoneos*]" = "iPhone Developer";
				COPY_PHASE_STRIP = NO;
				DEBUG_INFORMATION_FORMAT = dwarf;
				ENABLE_STRICT_OBJC_MSGSEND = YES;
				ENABLE_TESTABILITY = YES;
				GCC_C_LANGUAGE_STANDARD = gnu99;
				GCC_DYNAMIC_NO_PIC = NO;
				GCC_NO_COMMON_BLOCKS = YES;
				GCC_OPTIMIZATION_LEVEL = 0;
				GCC_PREPROCESSOR_DEFINITIONS = (
					"DEBUG=1",
					"$(inherited)",
				);
				GCC_WARN_64_TO_32_BIT_CONVERSION = YES;
				GCC_WARN_ABOUT_RETURN_TYPE = YES_ERROR;
				GCC_WARN_UNDECLARED_SELECTOR = YES;
				GCC_WARN_UNINITIALIZED_AUTOS = YES_AGGRESSIVE;
				GCC_WARN_UNUSED_FUNCTION = YES;
				GCC_WARN_UNUSED_VARIABLE = YES;
				IPHONEOS_DEPLOYMENT_TARGET = 9.3;
				MTL_ENABLE_DEBUG_INFO = YES;
				ONLY_ACTIVE_ARCH = YES;
				SDKROOT = iphoneos;
				SWIFT_OPTIMIZATION_LEVEL = "-Onone";
				TARGETED_DEVICE_FAMILY = "1,2";
			};
			name = Debug;
		};
		FEE0E05D1D24968F00701F9F /* Release */ = {
			isa = XCBuildConfiguration;
			buildSettings = {
				ALWAYS_SEARCH_USER_PATHS = NO;
				CLANG_ANALYZER_NONNULL = YES;
				CLANG_CXX_LANGUAGE_STANDARD = "gnu++0x";
				CLANG_CXX_LIBRARY = "libc++";
				CLANG_ENABLE_MODULES = YES;
				CLANG_ENABLE_OBJC_ARC = YES;
				CLANG_WARN_BOOL_CONVERSION = YES;
				CLANG_WARN_CONSTANT_CONVERSION = YES;
				CLANG_WARN_DIRECT_OBJC_ISA_USAGE = YES_ERROR;
				CLANG_WARN_EMPTY_BODY = YES;
				CLANG_WARN_ENUM_CONVERSION = YES;
				CLANG_WARN_INT_CONVERSION = YES;
				CLANG_WARN_OBJC_ROOT_CLASS = YES_ERROR;
				CLANG_WARN_UNREACHABLE_CODE = YES;
				CLANG_WARN__DUPLICATE_METHOD_MATCH = YES;
				"CODE_SIGN_IDENTITY[sdk=iphoneos*]" = "iPhone Developer";
				COPY_PHASE_STRIP = NO;
				DEBUG_INFORMATION_FORMAT = "dwarf-with-dsym";
				ENABLE_NS_ASSERTIONS = NO;
				ENABLE_STRICT_OBJC_MSGSEND = YES;
				GCC_C_LANGUAGE_STANDARD = gnu99;
				GCC_NO_COMMON_BLOCKS = YES;
				GCC_WARN_64_TO_32_BIT_CONVERSION = YES;
				GCC_WARN_ABOUT_RETURN_TYPE = YES_ERROR;
				GCC_WARN_UNDECLARED_SELECTOR = YES;
				GCC_WARN_UNINITIALIZED_AUTOS = YES_AGGRESSIVE;
				GCC_WARN_UNUSED_FUNCTION = YES;
				GCC_WARN_UNUSED_VARIABLE = YES;
				IPHONEOS_DEPLOYMENT_TARGET = 9.3;
				MTL_ENABLE_DEBUG_INFO = NO;
				SDKROOT = iphoneos;
				TARGETED_DEVICE_FAMILY = "1,2";
				VALIDATE_PRODUCT = YES;
			};
			name = Release;
		};
		FEE0E05F1D24968F00701F9F /* Debug */ = {
			isa = XCBuildConfiguration;
			buildSettings = {
				ASSETCATALOG_COMPILER_APPICON_NAME = AppIcon;
				INFOPLIST_FILE = BandMap/Info.plist;
				LD_RUNPATH_SEARCH_PATHS = "$(inherited) @executable_path/Frameworks";
				PRODUCT_BUNDLE_IDENTIFIER = com.DesignerJeans.BandMap;
				PRODUCT_NAME = "$(TARGET_NAME)";
			};
			name = Debug;
		};
		FEE0E0601D24968F00701F9F /* Release */ = {
			isa = XCBuildConfiguration;
			buildSettings = {
				ASSETCATALOG_COMPILER_APPICON_NAME = AppIcon;
				INFOPLIST_FILE = BandMap/Info.plist;
				LD_RUNPATH_SEARCH_PATHS = "$(inherited) @executable_path/Frameworks";
				PRODUCT_BUNDLE_IDENTIFIER = com.DesignerJeans.BandMap;
				PRODUCT_NAME = "$(TARGET_NAME)";
			};
			name = Release;
		};
/* End XCBuildConfiguration section */

/* Begin XCConfigurationList section */
		FEE0E0471D24968F00701F9F /* Build configuration list for PBXProject "BandMap" */ = {
			isa = XCConfigurationList;
			buildConfigurations = (
				FEE0E05C1D24968F00701F9F /* Debug */,
				FEE0E05D1D24968F00701F9F /* Release */,
			);
			defaultConfigurationIsVisible = 0;
			defaultConfigurationName = Release;
		};
		FEE0E05E1D24968F00701F9F /* Build configuration list for PBXNativeTarget "BandMap" */ = {
			isa = XCConfigurationList;
			buildConfigurations = (
				FEE0E05F1D24968F00701F9F /* Debug */,
				FEE0E0601D24968F00701F9F /* Release */,
			);
			defaultConfigurationIsVisible = 0;
		};
/* End XCConfigurationList section */
	};
	rootObject = FEE0E0441D24968F00701F9F /* Project object */;
}
